
Microsoft Visual Studio Solution File, Format Version 12.00
# Visual Studio Version 16
VisualStudioVersion = 16.0.30011.22
MinimumVisualStudioVersion = 10.0.40219.1
Project("{FAE04EC0-301F-11D3-BF4B-00C04F79EFBC}") = "Puzzle02", "Puzzle02\Puzzle02.csproj", "{28F67051-C719-47EE-BA84-5E5899924F83}"
EndProject
Global
	GlobalSection(SolutionConfigurationPlatforms) = preSolution
		Debug|Any CPU = Debug|Any CPU
		Release|Any CPU = Release|Any CPU
	EndGlobalSection
	GlobalSection(ProjectConfigurationPlatforms) = postSolution
		{28F67051-C719-47EE-BA84-5E5899924F83}.Debug|Any CPU.ActiveCfg = Debug|Any CPU
		{28F67051-C719-47EE-BA84-5E5899924F83}.Debug|Any CPU.Build.0 = Debug|Any CPU
		{28F67051-C719-47EE-BA84-5E5899924F83}.Release|Any CPU.ActiveCfg = Release|Any CPU
		{28F67051-C719-47EE-BA84-5E5899924F83}.Release|Any CPU.Build.0 = Release|Any CPU
	EndGlobalSection
	GlobalSection(SolutionProperties) = preSolution
		HideSolutionNode = FALSE
	EndGlobalSection
	GlobalSection(ExtensibilityGlobals) = postSolution
		SolutionGuid = {AE11DD67-4A22-458B-9C32-639B2368E1E1}
	EndGlobalSection
EndGlobal
